# THIS IS AN AUTOGENERATED FILE. DO NOT EDIT THIS FILE DIRECTLY.
# yarn lockfile v1


dockerfile-build-tools@^0.0.1:
  version "0.0.1"
  resolved "https://registry.yarnpkg.com/dockerfile-build-tools/-/dockerfile-build-tools-0.0.1.tgz#d44963cbc952c02c7b0f237a2c687b5daba7830a"
  integrity sha512-N4U1jeExQE7jUfvQ+YmJJ8EXEJ9MmQK8WVcJwNpFAcnQu3RhWVx90Nx+jfv7571wBSnQhMqIU3rN2/PuDIitTQ==
